
Microsoft Visual Studio Solution File, Format Version 12.00
# Visual Studio Version 17
VisualStudioVersion = 17.0.31903.59
MinimumVisualStudioVersion = 10.0.40219.1
Project("{2150E333-8FDC-42A3-9474-1A3956D46DE8}") = "01_Builder", "01_Builder", "{C99F194F-FB55-B27A-1E22-F4B725481D6E}"
EndProject
Project("{FAE04EC0-301F-11D3-BF4B-00C04F79EFBC}") = "HeroForge", "HeroForge\HeroForge.csproj", "{40E8BD45-2461-4AAA-8360-AF7488E7DB11}"
EndProject
Project("{2150E333-8FDC-42A3-9474-1A3956D46DE8}") = "02_Chains", "02_Chains", "{744D1203-EA9D-D89A-A059-50EE21C2E422}"
EndProject
Project("{FAE04EC0-301F-11D3-BF4B-00C04F79EFBC}") = "CustomsControl", "CustomsControl\CustomsControl.csproj", "{9976EDE0-1AC6-45AB-8542-A94CA96BB4B7}"
EndProject
Project("{FAE04EC0-301F-11D3-BF4B-00C04F79EFBC}") = "OrderPipeline", "OrderPipeline\OrderPipeline.csproj", "{37A6D7EE-C74F-4CD4-AEE8-A1F430232BF3}"
EndProject
Project("{FAE04EC0-301F-11D3-BF4B-00C04F79EFBC}") = "GenericOrder", "GenericOrder\GenericOrder.csproj", "{60BD22E2-F2DF-4366-A084-5DD81117F69B}"
EndProject
Project("{2150E333-8FDC-42A3-9474-1A3956D46DE8}") = "03_Linq", "03_Linq", "{55DC658B-D7DF-13E2-CCA9-9F561AC441FC}"
EndProject
Project("{FAE04EC0-301F-11D3-BF4B-00C04F79EFBC}") = "LinqTasks", "LinqTasks\LinqTasks.csproj", "{425DD68E-1644-44AD-B24C-A83B28A5539F}"
EndProject
Project("{2150E333-8FDC-42A3-9474-1A3956D46DE8}") = "04_GC", "04_GC", "{DEC39F5E-9932-2737-52EF-B37FC1B8841B}"
EndProject
Project("{FAE04EC0-301F-11D3-BF4B-00C04F79EFBC}") = "GCGenerations", "GCGenerations\GCGenerations.csproj", "{A6FB4C5A-C762-4E3A-9289-A931E6F09903}"
EndProject
Project("{FAE04EC0-301F-11D3-BF4B-00C04F79EFBC}") = "GhostTrap", "GhostTrap\GhostTrap.csproj", "{096E9570-213B-453E-9648-E5BA293C02B6}"
EndProject
Project("{2150E333-8FDC-42A3-9474-1A3956D46DE8}") = "05_Files", "05_Files", "{41B35D1A-9541-D29C-DE9B-A56B6878A784}"
EndProject
Project("{FAE04EC0-301F-11D3-BF4B-00C04F79EFBC}") = "Diary", "Diary\Diary.csproj", "{613E5E0E-A176-4FFF-A111-5BA072318583}"
EndProject
Project("{FAE04EC0-301F-11D3-BF4B-00C04F79EFBC}") = "StudentsJson", "StudentsJson\StudentsJson.csproj", "{38E8BF7E-F09E-48E4-A661-2E2DC8DCB208}"
EndProject
Global
	GlobalSection(SolutionConfigurationPlatforms) = preSolution
		Debug|Any CPU = Debug|Any CPU
		Debug|x64 = Debug|x64
		Debug|x86 = Debug|x86
		Release|Any CPU = Release|Any CPU
		Release|x64 = Release|x64
		Release|x86 = Release|x86
	EndGlobalSection
	GlobalSection(ProjectConfigurationPlatforms) = postSolution
		{40E8BD45-2461-4AAA-8360-AF7488E7DB11}.Debug|Any CPU.ActiveCfg = Debug|Any CPU
		{40E8BD45-2461-4AAA-8360-AF7488E7DB11}.Debug|Any CPU.Build.0 = Debug|Any CPU
		{40E8BD45-2461-4AAA-8360-AF7488E7DB11}.Debug|x64.ActiveCfg = Debug|Any CPU
		{40E8BD45-2461-4AAA-8360-AF7488E7DB11}.Debug|x64.Build.0 = Debug|Any CPU
		{40E8BD45-2461-4AAA-8360-AF7488E7DB11}.Debug|x86.ActiveCfg = Debug|Any CPU
		{40E8BD45-2461-4AAA-8360-AF7488E7DB11}.Debug|x86.Build.0 = Debug|Any CPU
		{40E8BD45-2461-4AAA-8360-AF7488E7DB11}.Release|Any CPU.ActiveCfg = Release|Any CPU
		{40E8BD45-2461-4AAA-8360-AF7488E7DB11}.Release|Any CPU.Build.0 = Release|Any CPU
		{40E8BD45-2461-4AAA-8360-AF7488E7DB11}.Release|x64.ActiveCfg = Release|Any CPU
		{40E8BD45-2461-4AAA-8360-AF7488E7DB11}.Release|x64.Build.0 = Release|Any CPU
		{40E8BD45-2461-4AAA-8360-AF7488E7DB11}.Release|x86.ActiveCfg = Release|Any CPU
		{40E8BD45-2461-4AAA-8360-AF7488E7DB11}.Release|x86.Build.0 = Release|Any CPU
		{9976EDE0-1AC6-45AB-8542-A94CA96BB4B7}.Debug|Any CPU.ActiveCfg = Debug|Any CPU
		{9976EDE0-1AC6-45AB-8542-A94CA96BB4B7}.Debug|Any CPU.Build.0 = Debug|Any CPU
		{9976EDE0-1AC6-45AB-8542-A94CA96BB4B7}.Debug|x64.ActiveCfg = Debug|Any CPU
		{9976EDE0-1AC6-45AB-8542-A94CA96BB4B7}.Debug|x64.Build.0 = Debug|Any CPU
		{9976EDE0-1AC6-45AB-8542-A94CA96BB4B7}.Debug|x86.ActiveCfg = Debug|Any CPU
		{9976EDE0-1AC6-45AB-8542-A94CA96BB4B7}.Debug|x86.Build.0 = Debug|Any CPU
		{9976EDE0-1AC6-45AB-8542-A94CA96BB4B7}.Release|Any CPU.ActiveCfg = Release|Any CPU
		{9976EDE0-1AC6-45AB-8542-A94CA96BB4B7}.Release|Any CPU.Build.0 = Release|Any CPU
		{9976EDE0-1AC6-45AB-8542-A94CA96BB4B7}.Release|x64.ActiveCfg = Release|Any CPU
		{9976EDE0-1AC6-45AB-8542-A94CA96BB4B7}.Release|x64.Build.0 = Release|Any CPU
		{9976EDE0-1AC6-45AB-8542-A94CA96BB4B7}.Release|x86.ActiveCfg = Release|Any CPU
		{9976EDE0-1AC6-45AB-8542-A94CA96BB4B7}.Release|x86.Build.0 = Release|Any CPU
		{37A6D7EE-C74F-4CD4-AEE8-A1F430232BF3}.Debug|Any CPU.ActiveCfg = Debug|Any CPU
		{37A6D7EE-C74F-4CD4-AEE8-A1F430232BF3}.Debug|Any CPU.Build.0 = Debug|Any CPU
		{37A6D7EE-C74F-4CD4-AEE8-A1F430232BF3}.Debug|x64.ActiveCfg = Debug|Any CPU
		{37A6D7EE-C74F-4CD4-AEE8-A1F430232BF3}.Debug|x64.Build.0 = Debug|Any CPU
		{37A6D7EE-C74F-4CD4-AEE8-A1F430232BF3}.Debug|x86.ActiveCfg = Debug|Any CPU
		{37A6D7EE-C74F-4CD4-AEE8-A1F430232BF3}.Debug|x86.Build.0 = Debug|Any CPU
		{37A6D7EE-C74F-4CD4-AEE8-A1F430232BF3}.Release|Any CPU.ActiveCfg = Release|Any CPU
		{37A6D7EE-C74F-4CD4-AEE8-A1F430232BF3}.Release|Any CPU.Build.0 = Release|Any CPU
		{37A6D7EE-C74F-4CD4-AEE8-A1F430232BF3}.Release|x64.ActiveCfg = Release|Any CPU
		{37A6D7EE-C74F-4CD4-AEE8-A1F430232BF3}.Release|x64.Build.0 = Release|Any CPU
		{37A6D7EE-C74F-4CD4-AEE8-A1F430232BF3}.Release|x86.ActiveCfg = Release|Any CPU
		{37A6D7EE-C74F-4CD4-AEE8-A1F430232BF3}.Release|x86.Build.0 = Release|Any CPU
		{60BD22E2-F2DF-4366-A084-5DD81117F69B}.Debug|Any CPU.ActiveCfg = Debug|Any CPU
		{60BD22E2-F2DF-4366-A084-5DD81117F69B}.Debug|Any CPU.Build.0 = Debug|Any CPU
		{60BD22E2-F2DF-4366-A084-5DD81117F69B}.Debug|x64.ActiveCfg = Debug|Any CPU
		{60BD22E2-F2DF-4366-A084-5DD81117F69B}.Debug|x64.Build.0 = Debug|Any CPU
		{60BD22E2-F2DF-4366-A084-5DD81117F69B}.Debug|x86.ActiveCfg = Debug|Any CPU
		{60BD22E2-F2DF-4366-A084-5DD81117F69B}.Debug|x86.Build.0 = Debug|Any CPU
		{60BD22E2-F2DF-4366-A084-5DD81117F69B}.Release|Any CPU.ActiveCfg = Release|Any CPU
		{60BD22E2-F2DF-4366-A084-5DD81117F69B}.Release|Any CPU.Build.0 = Release|Any CPU
		{60BD22E2-F2DF-4366-A084-5DD81117F69B}.Release|x64.ActiveCfg = Release|Any CPU
		{60BD22E2-F2DF-4366-A084-5DD81117F69B}.Release|x64.Build.0 = Release|Any CPU
		{60BD22E2-F2DF-4366-A084-5DD81117F69B}.Release|x86.ActiveCfg = Release|Any CPU
		{60BD22E2-F2DF-4366-A084-5DD81117F69B}.Release|x86.Build.0 = Release|Any CPU
		{425DD68E-1644-44AD-B24C-A83B28A5539F}.Debug|Any CPU.ActiveCfg = Debug|Any CPU
		{425DD68E-1644-44AD-B24C-A83B28A5539F}.Debug|Any CPU.Build.0 = Debug|Any CPU
		{425DD68E-1644-44AD-B24C-A83B28A5539F}.Debug|x64.ActiveCfg = Debug|Any CPU
		{425DD68E-1644-44AD-B24C-A83B28A5539F}.Debug|x64.Build.0 = Debug|Any CPU
		{425DD68E-1644-44AD-B24C-A83B28A5539F}.Debug|x86.ActiveCfg = Debug|Any CPU
		{425DD68E-1644-44AD-B24C-A83B28A5539F}.Debug|x86.Build.0 = Debug|Any CPU
		{425DD68E-1644-44AD-B24C-A83B28A5539F}.Release|Any CPU.ActiveCfg = Release|Any CPU
		{425DD68E-1644-44AD-B24C-A83B28A5539F}.Release|Any CPU.Build.0 = Release|Any CPU
		{425DD68E-1644-44AD-B24C-A83B28A5539F}.Release|x64.ActiveCfg = Release|Any CPU
		{425DD68E-1644-44AD-B24C-A83B28A5539F}.Release|x64.Build.0 = Release|Any CPU
		{425DD68E-1644-44AD-B24C-A83B28A5539F}.Release|x86.ActiveCfg = Release|Any CPU
		{425DD68E-1644-44AD-B24C-A83B28A5539F}.Release|x86.Build.0 = Release|Any CPU
		{A6FB4C5A-C762-4E3A-9289-A931E6F09903}.Debug|Any CPU.ActiveCfg = Debug|Any CPU
		{A6FB4C5A-C762-4E3A-9289-A931E6F09903}.Debug|Any CPU.Build.0 = Debug|Any CPU
		{A6FB4C5A-C762-4E3A-9289-A931E6F09903}.Debug|x64.ActiveCfg = Debug|Any CPU
		{A6FB4C5A-C762-4E3A-9289-A931E6F09903}.Debug|x64.Build.0 = Debug|Any CPU
		{A6FB4C5A-C762-4E3A-9289-A931E6F09903}.Debug|x86.ActiveCfg = Debug|Any CPU
		{A6FB4C5A-C762-4E3A-9289-A931E6F09903}.Debug|x86.Build.0 = Debug|Any CPU
		{A6FB4C5A-C762-4E3A-9289-A931E6F09903}.Release|Any CPU.ActiveCfg = Release|Any CPU
		{A6FB4C5A-C762-4E3A-9289-A931E6F09903}.Release|Any CPU.Build.0 = Release|Any CPU
		{A6FB4C5A-C762-4E3A-9289-A931E6F09903}.Release|x64.ActiveCfg = Release|Any CPU
		{A6FB4C5A-C762-4E3A-9289-A931E6F09903}.Release|x64.Build.0 = Release|Any CPU
		{A6FB4C5A-C762-4E3A-9289-A931E6F09903}.Release|x86.ActiveCfg = Release|Any CPU
		{A6FB4C5A-C762-4E3A-9289-A931E6F09903}.Release|x86.Build.0 = Release|Any CPU
		{096E9570-213B-453E-9648-E5BA293C02B6}.Debug|Any CPU.ActiveCfg = Debug|Any CPU
		{096E9570-213B-453E-9648-E5BA293C02B6}.Debug|Any CPU.Build.0 = Debug|Any CPU
		{096E9570-213B-453E-9648-E5BA293C02B6}.Debug|x64.ActiveCfg = Debug|Any CPU
		{096E9570-213B-453E-9648-E5BA293C02B6}.Debug|x64.Build.0 = Debug|Any CPU
		{096E9570-213B-453E-9648-E5BA293C02B6}.Debug|x86.ActiveCfg = Debug|Any CPU
		{096E9570-213B-453E-9648-E5BA293C02B6}.Debug|x86.Build.0 = Debug|Any CPU
		{096E9570-213B-453E-9648-E5BA293C02B6}.Release|Any CPU.ActiveCfg = Release|Any CPU
		{096E9570-213B-453E-9648-E5BA293C02B6}.Release|Any CPU.Build.0 = Release|Any CPU
		{096E9570-213B-453E-9648-E5BA293C02B6}.Release|x64.ActiveCfg = Release|Any CPU
		{096E9570-213B-453E-9648-E5BA293C02B6}.Release|x64.Build.0 = Release|Any CPU
		{096E9570-213B-453E-9648-E5BA293C02B6}.Release|x86.ActiveCfg = Release|Any CPU
		{096E9570-213B-453E-9648-E5BA293C02B6}.Release|x86.Build.0 = Release|Any CPU
		{613E5E0E-A176-4FFF-A111-5BA072318583}.Debug|Any CPU.ActiveCfg = Debug|Any CPU
		{613E5E0E-A176-4FFF-A111-5BA072318583}.Debug|Any CPU.Build.0 = Debug|Any CPU
		{613E5E0E-A176-4FFF-A111-5BA072318583}.Debug|x64.ActiveCfg = Debug|Any CPU
		{613E5E0E-A176-4FFF-A111-5BA072318583}.Debug|x64.Build.0 = Debug|Any CPU
		{613E5E0E-A176-4FFF-A111-5BA072318583}.Debug|x86.ActiveCfg = Debug|Any CPU
		{613E5E0E-A176-4FFF-A111-5BA072318583}.Debug|x86.Build.0 = Debug|Any CPU
		{613E5E0E-A176-4FFF-A111-5BA072318583}.Release|Any CPU.ActiveCfg = Release|Any CPU
		{613E5E0E-A176-4FFF-A111-5BA072318583}.Release|Any CPU.Build.0 = Release|Any CPU
		{613E5E0E-A176-4FFF-A111-5BA072318583}.Release|x64.ActiveCfg = Release|Any CPU
		{613E5E0E-A176-4FFF-A111-5BA072318583}.Release|x64.Build.0 = Release|Any CPU
		{613E5E0E-A176-4FFF-A111-5BA072318583}.Release|x86.ActiveCfg = Release|Any CPU
		{613E5E0E-A176-4FFF-A111-5BA072318583}.Release|x86.Build.0 = Release|Any CPU
		{38E8BF7E-F09E-48E4-A661-2E2DC8DCB208}.Debug|Any CPU.ActiveCfg = Debug|Any CPU
		{38E8BF7E-F09E-48E4-A661-2E2DC8DCB208}.Debug|Any CPU.Build.0 = Debug|Any CPU
		{38E8BF7E-F09E-48E4-A661-2E2DC8DCB208}.Debug|x64.ActiveCfg = Debug|Any CPU
		{38E8BF7E-F09E-48E4-A661-2E2DC8DCB208}.Debug|x64.Build.0 = Debug|Any CPU
		{38E8BF7E-F09E-48E4-A661-2E2DC8DCB208}.Debug|x86.ActiveCfg = Debug|Any CPU
		{38E8BF7E-F09E-48E4-A661-2E2DC8DCB208}.Debug|x86.Build.0 = Debug|Any CPU
		{38E8BF7E-F09E-48E4-A661-2E2DC8DCB208}.Release|Any CPU.ActiveCfg = Release|Any CPU
		{38E8BF7E-F09E-48E4-A661-2E2DC8DCB208}.Release|Any CPU.Build.0 = Release|Any CPU
		{38E8BF7E-F09E-48E4-A661-2E2DC8DCB208}.Release|x64.ActiveCfg = Release|Any CPU
		{38E8BF7E-F09E-48E4-A661-2E2DC8DCB208}.Release|x64.Build.0 = Release|Any CPU
		{38E8BF7E-F09E-48E4-A661-2E2DC8DCB208}.Release|x86.ActiveCfg = Release|Any CPU
		{38E8BF7E-F09E-48E4-A661-2E2DC8DCB208}.Release|x86.Build.0 = Release|Any CPU
	EndGlobalSection
	GlobalSection(SolutionProperties) = preSolution
		HideSolutionNode = FALSE
	EndGlobalSection
	GlobalSection(NestedProjects) = preSolution
		{40E8BD45-2461-4AAA-8360-AF7488E7DB11} = {C99F194F-FB55-B27A-1E22-F4B725481D6E}
		{9976EDE0-1AC6-45AB-8542-A94CA96BB4B7} = {744D1203-EA9D-D89A-A059-50EE21C2E422}
		{37A6D7EE-C74F-4CD4-AEE8-A1F430232BF3} = {744D1203-EA9D-D89A-A059-50EE21C2E422}
		{60BD22E2-F2DF-4366-A084-5DD81117F69B} = {744D1203-EA9D-D89A-A059-50EE21C2E422}
		{425DD68E-1644-44AD-B24C-A83B28A5539F} = {55DC658B-D7DF-13E2-CCA9-9F561AC441FC}
		{A6FB4C5A-C762-4E3A-9289-A931E6F09903} = {DEC39F5E-9932-2737-52EF-B37FC1B8841B}
		{096E9570-213B-453E-9648-E5BA293C02B6} = {DEC39F5E-9932-2737-52EF-B37FC1B8841B}
		{613E5E0E-A176-4FFF-A111-5BA072318583} = {41B35D1A-9541-D29C-DE9B-A56B6878A784}
		{38E8BF7E-F09E-48E4-A661-2E2DC8DCB208} = {41B35D1A-9541-D29C-DE9B-A56B6878A784}
	EndGlobalSection
EndGlobal
